// !$*UTF8*$!
{
	archiveVersion = 1;
	classes = {
	};
	objectVersion = 56;
	objects = {

/* Begin PBXBuildFile section */
		AC9A465728D649460032DD02 /* JPMorganChaseTakeHomeAssessmentApp.swift in Sources */ = {isa = PBXBuildFile; fileRef = AC9A465628D649460032DD02 /* JPMorganChaseTakeHomeAssessmentApp.swift */; };
		AC9A465928D649460032DD02 /* ContentView.swift in Sources */ = {isa = PBXBuildFile; fileRef = AC9A465828D649460032DD02 /* ContentView.swift */; };
		AC9A465B28D649470032DD02 /* Assets.xcassets in Resources */ = {isa = PBXBuildFile; fileRef = AC9A465A28D649470032DD02 /* Assets.xcassets */; };
		AC9A465E28D649470032DD02 /* Preview Assets.xcassets in Resources */ = {isa = PBXBuildFile; fileRef = AC9A465D28D649470032DD02 /* Preview Assets.xcassets */; };
		AC9A466328D649470032DD02 /* JPMorganChaseTakeHomeAssessment.xcdatamodeld in Sources */ = {isa = PBXBuildFile; fileRef = AC9A466128D649470032DD02 /* JPMorganChaseTakeHomeAssessment.xcdatamodeld */; };
		AC9A466D28D649470032DD02 /* JPMorganChaseTakeHomeAssessmentTests.swift in Sources */ = {isa = PBXBuildFile; fileRef = AC9A466C28D649470032DD02 /* JPMorganChaseTakeHomeAssessmentTests.swift */; };
		AC9A469628D64A4F0032DD02 /* Logging.swift in Sources */ = {isa = PBXBuildFile; fileRef = AC9A468C28D64A4F0032DD02 /* Logging.swift */; };
		AC9A46A228D64C650032DD02 /* NYCOpenData.swift in Sources */ = {isa = PBXBuildFile; fileRef = AC9A469E28D64C650032DD02 /* NYCOpenData.swift */; };
		AC9A46A328D64C650032DD02 /* NetworkManager.swift in Sources */ = {isa = PBXBuildFile; fileRef = AC9A469F28D64C650032DD02 /* NetworkManager.swift */; };
		AC9A46A428D64C650032DD02 /* ReachabilityMonitor.swift in Sources */ = {isa = PBXBuildFile; fileRef = AC9A46A028D64C650032DD02 /* ReachabilityMonitor.swift */; };
		AC9A46A528D64C650032DD02 /* Endpoint.swift in Sources */ = {isa = PBXBuildFile; fileRef = AC9A46A128D64C650032DD02 /* Endpoint.swift */; };
		AC9A46A928D651070032DD02 /* School.swift in Sources */ = {isa = PBXBuildFile; fileRef = AC9A46A828D651070032DD02 /* School.swift */; };
		AC9A46AD28D660100032DD02 /* SchoolListViewModel.swift in Sources */ = {isa = PBXBuildFile; fileRef = AC9A46AC28D660100032DD02 /* SchoolListViewModel.swift */; };
		AC9A46AF28D6603D0032DD02 /* SchoolListView.swift in Sources */ = {isa = PBXBuildFile; fileRef = AC9A46AE28D6603D0032DD02 /* SchoolListView.swift */; };
		AC9A46B328D68C800032DD02 /* SchoolDetailsView.swift in Sources */ = {isa = PBXBuildFile; fileRef = AC9A46B228D68C800032DD02 /* SchoolDetailsView.swift */; };
		ACAC1A6E28D6913600A7A46D /* SATScores.swift in Sources */ = {isa = PBXBuildFile; fileRef = ACAC1A6D28D6913600A7A46D /* SATScores.swift */; };
		ACAC1A7128D6924800A7A46D /* SchoolDetailsViewModel.swift in Sources */ = {isa = PBXBuildFile; fileRef = ACAC1A7028D6924800A7A46D /* SchoolDetailsViewModel.swift */; };
		ACAC1A7628D6D01A00A7A46D /* LocationParser.swift in Sources */ = {isa = PBXBuildFile; fileRef = ACAC1A7528D6D01A00A7A46D /* LocationParser.swift */; };
/* End PBXBuildFile section */

/* Begin PBXContainerItemProxy section */
		AC9A466928D649470032DD02 /* PBXContainerItemProxy */ = {
			isa = PBXContainerItemProxy;
			containerPortal = AC9A464B28D649460032DD02 /* Project object */;
			proxyType = 1;
			remoteGlobalIDString = AC9A465228D649460032DD02;
			remoteInfo = JPMorganChaseTakeHomeAssessment;
		};
		AC9A467328D649470032DD02 /* PBXContainerItemProxy */ = {
			isa = PBXContainerItemProxy;
			containerPortal = AC9A464B28D649460032DD02 /* Project object */;
			proxyType = 1;
			remoteGlobalIDString = AC9A465228D649460032DD02;
			remoteInfo = JPMorganChaseTakeHomeAssessment;
		};
/* End PBXContainerItemProxy section */

/* Begin PBXFileReference section */
		AC9A465328D649460032DD02 /* JPMorganChaseTakeHomeAssessment.app */ = {isa = PBXFileReference; explicitFileType = wrapper.application; includeInIndex = 0; path = JPMorganChaseTakeHomeAssessment.app; sourceTree = BUILT_PRODUCTS_DIR; };
		AC9A465628D649460032DD02 /* JPMorganChaseTakeHomeAssessmentApp.swift */ = {isa = PBXFileReference; lastKnownFileType = sourcecode.swift; path = JPMorganChaseTakeHomeAssessmentApp.swift; sourceTree = "<group>"; };
		AC9A465828D649460032DD02 /* ContentView.swift */ = {isa = PBXFileReference; lastKnownFileType = sourcecode.swift; path = ContentView.swift; sourceTree = "<group>"; };
		AC9A465A28D649470032DD02 /* Assets.xcassets */ = {isa = PBXFileReference; lastKnownFileType = folder.assetcatalog; path = Assets.xcassets; sourceTree = "<group>"; };
		AC9A465D28D649470032DD02 /* Preview Assets.xcassets */ = {isa = PBXFileReference; lastKnownFileType = folder.assetcatalog; path = "Preview Assets.xcassets"; sourceTree = "<group>"; };
		AC9A466228D649470032DD02 /* JPMorganChaseTakeHomeAssessment.xcdatamodel */ = {isa = PBXFileReference; lastKnownFileType = wrapper.xcdatamodel; path = JPMorganChaseTakeHomeAssessment.xcdatamodel; sourceTree = "<group>"; };
		AC9A466828D649470032DD02 /* JPMorganChaseTakeHomeAssessmentTests.xctest */ = {isa = PBXFileReference; explicitFileType = wrapper.cfbundle; includeInIndex = 0; path = JPMorganChaseTakeHomeAssessmentTests.xctest; sourceTree = BUILT_PRODUCTS_DIR; };
		AC9A466C28D649470032DD02 /* JPMorganChaseTakeHomeAssessmentTests.swift */ = {isa = PBXFileReference; lastKnownFileType = sourcecode.swift; path = JPMorganChaseTakeHomeAssessmentTests.swift; sourceTree = "<group>"; };
		AC9A467228D649470032DD02 /* JPMorganChaseTakeHomeAssessmentUITests.xctest */ = {isa = PBXFileReference; explicitFileType = wrapper.cfbundle; includeInIndex = 0; path = JPMorganChaseTakeHomeAssessmentUITests.xctest; sourceTree = BUILT_PRODUCTS_DIR; };
		AC9A468C28D64A4F0032DD02 /* Logging.swift */ = {isa = PBXFileReference; fileEncoding = 4; lastKnownFileType = sourcecode.swift; path = Logging.swift; sourceTree = "<group>"; };
		AC9A469E28D64C650032DD02 /* NYCOpenData.swift */ = {isa = PBXFileReference; fileEncoding = 4; lastKnownFileType = sourcecode.swift; path = NYCOpenData.swift; sourceTree = "<group>"; };
		AC9A469F28D64C650032DD02 /* NetworkManager.swift */ = {isa = PBXFileReference; fileEncoding = 4; lastKnownFileType = sourcecode.swift; path = NetworkManager.swift; sourceTree = "<group>"; };
		AC9A46A028D64C650032DD02 /* ReachabilityMonitor.swift */ = {isa = PBXFileReference; fileEncoding = 4; lastKnownFileType = sourcecode.swift; path = ReachabilityMonitor.swift; sourceTree = "<group>"; };
		AC9A46A128D64C650032DD02 /* Endpoint.swift */ = {isa = PBXFileReference; fileEncoding = 4; lastKnownFileType = sourcecode.swift; path = Endpoint.swift; sourceTree = "<group>"; };
		AC9A46A828D651070032DD02 /* School.swift */ = {isa = PBXFileReference; lastKnownFileType = sourcecode.swift; path = School.swift; sourceTree = "<group>"; };
		AC9A46AC28D660100032DD02 /* SchoolListViewModel.swift */ = {isa = PBXFileReference; lastKnownFileType = sourcecode.swift; path = SchoolListViewModel.swift; sourceTree = "<group>"; };
		AC9A46AE28D6603D0032DD02 /* SchoolListView.swift */ = {isa = PBXFileReference; lastKnownFileType = sourcecode.swift; path = SchoolListView.swift; sourceTree = "<group>"; };
		AC9A46B228D68C800032DD02 /* SchoolDetailsView.swift */ = {isa = PBXFileReference; fileEncoding = 4; lastKnownFileType = sourcecode.swift; path = SchoolDetailsView.swift; sourceTree = "<group>"; };
		ACAC1A6D28D6913600A7A46D /* SATScores.swift */ = {isa = PBXFileReference; lastKnownFileType = sourcecode.swift; path = SATScores.swift; sourceTree = "<group>"; };
		ACAC1A7028D6924800A7A46D /* SchoolDetailsViewModel.swift */ = {isa = PBXFileReference; lastKnownFileType = sourcecode.swift; path = SchoolDetailsViewModel.swift; sourceTree = "<group>"; };
		ACAC1A7528D6D01A00A7A46D /* LocationParser.swift */ = {isa = PBXFileReference; lastKnownFileType = sourcecode.swift; path = LocationParser.swift; sourceTree = "<group>"; };
/* End PBXFileReference section */

/* Begin PBXFrameworksBuildPhase section */
		AC9A465028D649460032DD02 /* Frameworks */ = {
			isa = PBXFrameworksBuildPhase;
			buildActionMask = 2147483647;
			files = (
			);
			runOnlyForDeploymentPostprocessing = 0;
		};
		AC9A466528D649470032DD02 /* Frameworks */ = {
			isa = PBXFrameworksBuildPhase;
			buildActionMask = 2147483647;
			files = (
			);
			runOnlyForDeploymentPostprocessing = 0;
		};
		AC9A466F28D649470032DD02 /* Frameworks */ = {
			isa = PBXFrameworksBuildPhase;
			buildActionMask = 2147483647;
			files = (
			);
			runOnlyForDeploymentPostprocessing = 0;
		};
/* End PBXFrameworksBuildPhase section */

/* Begin PBXGroup section */
		AC9A464A28D649460032DD02 = {
			isa = PBXGroup;
			children = (
				AC9A465528D649460032DD02 /* JPMorganChaseTakeHomeAssessment */,
				AC9A466B28D649470032DD02 /* JPMorganChaseTakeHomeAssessmentTests */,
				AC9A465428D649460032DD02 /* Products */,
			);
			sourceTree = "<group>";
		};
		AC9A465428D649460032DD02 /* Products */ = {
			isa = PBXGroup;
			children = (
				AC9A465328D649460032DD02 /* JPMorganChaseTakeHomeAssessment.app */,
				AC9A466828D649470032DD02 /* JPMorganChaseTakeHomeAssessmentTests.xctest */,
				AC9A467228D649470032DD02 /* JPMorganChaseTakeHomeAssessmentUITests.xctest */,
			);
			name = Products;
			sourceTree = "<group>";
		};
		AC9A465528D649460032DD02 /* JPMorganChaseTakeHomeAssessment */ = {
			isa = PBXGroup;
			children = (
				AC9A46A628D650C80032DD02 /* School List */,
				AC9A469C28D64C650032DD02 /* Networking */,
				AC9A468B28D64A4F0032DD02 /* Logging */,
				AC9A465628D649460032DD02 /* JPMorganChaseTakeHomeAssessmentApp.swift */,
				AC9A465828D649460032DD02 /* ContentView.swift */,
				AC9A465A28D649470032DD02 /* Assets.xcassets */,
				AC9A466128D649470032DD02 /* JPMorganChaseTakeHomeAssessment.xcdatamodeld */,
				AC9A465C28D649470032DD02 /* Preview Content */,
			);
			path = JPMorganChaseTakeHomeAssessment;
			sourceTree = "<group>";
		};
		AC9A465C28D649470032DD02 /* Preview Content */ = {
			isa = PBXGroup;
			children = (
				AC9A465D28D649470032DD02 /* Preview Assets.xcassets */,
			);
			path = "Preview Content";
			sourceTree = "<group>";
		};
		AC9A466B28D649470032DD02 /* JPMorganChaseTakeHomeAssessmentTests */ = {
			isa = PBXGroup;
			children = (
				AC9A466C28D649470032DD02 /* JPMorganChaseTakeHomeAssessmentTests.swift */,
			);
			path = JPMorganChaseTakeHomeAssessmentTests;
			sourceTree = "<group>";
		};
		AC9A468B28D64A4F0032DD02 /* Logging */ = {
			isa = PBXGroup;
			children = (
				AC9A468C28D64A4F0032DD02 /* Logging.swift */,
			);
			path = Logging;
			sourceTree = "<group>";
		};
		AC9A469C28D64C650032DD02 /* Networking */ = {
			isa = PBXGroup;
			children = (
				AC9A469D28D64C650032DD02 /* Endpoints */,
				AC9A469F28D64C650032DD02 /* NetworkManager.swift */,
				AC9A46A028D64C650032DD02 /* ReachabilityMonitor.swift */,
				AC9A46A128D64C650032DD02 /* Endpoint.swift */,
			);
			path = Networking;
			sourceTree = "<group>";
		};
		AC9A469D28D64C650032DD02 /* Endpoints */ = {
			isa = PBXGroup;
			children = (
				AC9A469E28D64C650032DD02 /* NYCOpenData.swift */,
			);
			path = Endpoints;
			sourceTree = "<group>";
		};
		AC9A46A628D650C80032DD02 /* School List */ = {
			isa = PBXGroup;
			children = (
				ACAC1A7428D6D00700A7A46D /* Helpers */,
				ACAC1A7328D693FD00A7A46D /* Views */,
				ACAC1A7228D693F400A7A46D /* ViewModels */,
				AC9A46A728D650DF0032DD02 /* Models */,
			);
			path = "School List";
			sourceTree = "<group>";
		};
		AC9A46A728D650DF0032DD02 /* Models */ = {
			isa = PBXGroup;
			children = (
				AC9A46A828D651070032DD02 /* School.swift */,
				ACAC1A6D28D6913600A7A46D /* SATScores.swift */,
			);
			path = Models;
			sourceTree = "<group>";
		};
		ACAC1A7228D693F400A7A46D /* ViewModels */ = {
			isa = PBXGroup;
			children = (
				AC9A46AC28D660100032DD02 /* SchoolListViewModel.swift */,
				ACAC1A7028D6924800A7A46D /* SchoolDetailsViewModel.swift */,
			);
			path = ViewModels;
			sourceTree = "<group>";
		};
		ACAC1A7328D693FD00A7A46D /* Views */ = {
			isa = PBXGroup;
			children = (
				AC9A46AE28D6603D0032DD02 /* SchoolListView.swift */,
				AC9A46B228D68C800032DD02 /* SchoolDetailsView.swift */,
			);
			path = Views;
			sourceTree = "<group>";
		};
		ACAC1A7428D6D00700A7A46D /* Helpers */ = {
			isa = PBXGroup;
			children = (
				ACAC1A7528D6D01A00A7A46D /* LocationParser.swift */,
			);
			path = Helpers;
			sourceTree = "<group>";
		};
/* End PBXGroup section */

/* Begin PBXNativeTarget section */
		AC9A465228D649460032DD02 /* JPMorganChaseTakeHomeAssessment */ = {
			isa = PBXNativeTarget;
			buildConfigurationList = AC9A467C28D649470032DD02 /* Build configuration list for PBXNativeTarget "JPMorganChaseTakeHomeAssessment" */;
			buildPhases = (
				AC9A464F28D649460032DD02 /* Sources */,
				AC9A465028D649460032DD02 /* Frameworks */,
				AC9A465128D649460032DD02 /* Resources */,
			);
			buildRules = (
			);
			dependencies = (
			);
			name = JPMorganChaseTakeHomeAssessment;
			productName = JPMorganChaseTakeHomeAssessment;
			productReference = AC9A465328D649460032DD02 /* JPMorganChaseTakeHomeAssessment.app */;
			productType = "com.apple.product-type.application";
		};
		AC9A466728D649470032DD02 /* JPMorganChaseTakeHomeAssessmentTests */ = {
			isa = PBXNativeTarget;
			buildConfigurationList = AC9A467F28D649470032DD02 /* Build configuration list for PBXNativeTarget "JPMorganChaseTakeHomeAssessmentTests" */;
			buildPhases = (
				AC9A466428D649470032DD02 /* Sources */,
				AC9A466528D649470032DD02 /* Frameworks */,
				AC9A466628D649470032DD02 /* Resources */,
			);
			buildRules = (
			);
			dependencies = (
				AC9A466A28D649470032DD02 /* PBXTargetDependency */,
			);
			name = JPMorganChaseTakeHomeAssessmentTests;
			productName = JPMorganChaseTakeHomeAssessmentTests;
			productReference = AC9A466828D649470032DD02 /* JPMorganChaseTakeHomeAssessmentTests.xctest */;
			productType = "com.apple.product-type.bundle.unit-test";
		};
		AC9A467128D649470032DD02 /* JPMorganChaseTakeHomeAssessmentUITests */ = {
			isa = PBXNativeTarget;
			buildConfigurationList = AC9A468228D649470032DD02 /* Build configuration list for PBXNativeTarget "JPMorganChaseTakeHomeAssessmentUITests" */;
			buildPhases = (
				AC9A466E28D649470032DD02 /* Sources */,
				AC9A466F28D649470032DD02 /* Frameworks */,
				AC9A467028D649470032DD02 /* Resources */,
			);
			buildRules = (
			);
			dependencies = (
				AC9A467428D649470032DD02 /* PBXTargetDependency */,
			);
			name = JPMorganChaseTakeHomeAssessmentUITests;
			productName = JPMorganChaseTakeHomeAssessmentUITests;
			productReference = AC9A467228D649470032DD02 /* JPMorganChaseTakeHomeAssessmentUITests.xctest */;
			productType = "com.apple.product-type.bundle.ui-testing";
		};
/* End PBXNativeTarget section */

/* Begin PBXProject section */
		AC9A464B28D649460032DD02 /* Project object */ = {
			isa = PBXProject;
			attributes = {
				BuildIndependentTargetsInParallel = 1;
				LastSwiftUpdateCheck = 1400;
				LastUpgradeCheck = 1400;
				TargetAttributes = {
					AC9A465228D649460032DD02 = {
						CreatedOnToolsVersion = 14.0;
					};
					AC9A466728D649470032DD02 = {
						CreatedOnToolsVersion = 14.0;
						TestTargetID = AC9A465228D649460032DD02;
					};
					AC9A467128D649470032DD02 = {
						CreatedOnToolsVersion = 14.0;
						TestTargetID = AC9A465228D649460032DD02;
					};
				};
			};
			buildConfigurationList = AC9A464E28D649460032DD02 /* Build configuration list for PBXProject "JPMorganChaseTakeHomeAssessment" */;
			compatibilityVersion = "Xcode 14.0";
			developmentRegion = en;
			hasScannedForEncodings = 0;
			knownRegions = (
				en,
				Base,
			);
			mainGroup = AC9A464A28D649460032DD02;
			productRefGroup = AC9A465428D649460032DD02 /* Products */;
			projectDirPath = "";
			projectRoot = "";
			targets = (
				AC9A465228D649460032DD02 /* JPMorganChaseTakeHomeAssessment */,
				AC9A466728D649470032DD02 /* JPMorganChaseTakeHomeAssessmentTests */,
				AC9A467128D649470032DD02 /* JPMorganChaseTakeHomeAssessmentUITests */,
			);
		};
/* End PBXProject section */

/* Begin PBXResourcesBuildPhase section */
		AC9A465128D649460032DD02 /* Resources */ = {
			isa = PBXResourcesBuildPhase;
			buildActionMask = 2147483647;
			files = (
				AC9A465E28D649470032DD02 /* Preview Assets.xcassets in Resources */,
				AC9A465B28D649470032DD02 /* Assets.xcassets in Resources */,
			);
			runOnlyForDeploymentPostprocessing = 0;
		};
		AC9A466628D649470032DD02 /* Resources */ = {
			isa = PBXResourcesBuildPhase;
			buildActionMask = 2147483647;
			files = (
			);
			runOnlyForDeploymentPostprocessing = 0;
		};
		AC9A467028D649470032DD02 /* Resources */ = {
			isa = PBXResourcesBuildPhase;
			buildActionMask = 2147483647;
			files = (
			);
			runOnlyForDeploymentPostprocessing = 0;
		};
/* End PBXResourcesBuildPhase section */

/* Begin PBXSourcesBuildPhase section */
		AC9A464F28D649460032DD02 /* Sources */ = {
			isa = PBXSourcesBuildPhase;
			buildActionMask = 2147483647;
			files = (
				AC9A46AD28D660100032DD02 /* SchoolListViewModel.swift in Sources */,
				AC9A46AF28D6603D0032DD02 /* SchoolListView.swift in Sources */,
				AC9A469628D64A4F0032DD02 /* Logging.swift in Sources */,
				ACAC1A7628D6D01A00A7A46D /* LocationParser.swift in Sources */,
				AC9A46A228D64C650032DD02 /* NYCOpenData.swift in Sources */,
				AC9A465928D649460032DD02 /* ContentView.swift in Sources */,
				AC9A46A528D64C650032DD02 /* Endpoint.swift in Sources */,
				AC9A46A328D64C650032DD02 /* NetworkManager.swift in Sources */,
				AC9A46B328D68C800032DD02 /* SchoolDetailsView.swift in Sources */,
				AC9A466328D649470032DD02 /* JPMorganChaseTakeHomeAssessment.xcdatamodeld in Sources */,
				AC9A46A928D651070032DD02 /* School.swift in Sources */,
				AC9A465728D649460032DD02 /* JPMorganChaseTakeHomeAssessmentApp.swift in Sources */,
				ACAC1A7128D6924800A7A46D /* SchoolDetailsViewModel.swift in Sources */,
				ACAC1A6E28D6913600A7A46D /* SATScores.swift in Sources */,
				AC9A46A428D64C650032DD02 /* ReachabilityMonitor.swift in Sources */,
			);
			runOnlyForDeploymentPostprocessing = 0;
		};
		AC9A466428D649470032DD02 /* Sources */ = {
			isa = PBXSourcesBuildPhase;
			buildActionMask = 2147483647;
			files = (
				AC9A466D28D649470032DD02 /* JPMorganChaseTakeHomeAssessmentTests.swift in Sources */,
			);
			runOnlyForDeploymentPostprocessing = 0;
		};
		AC9A466E28D649470032DD02 /* Sources */ = {
			isa = PBXSourcesBuildPhase;
			buildActionMask = 2147483647;
			files = (
			);
			runOnlyForDeploymentPostprocessing = 0;
		};
/* End PBXSourcesBuildPhase section */

/* Begin PBXTargetDependency section */
		AC9A466A28D649470032DD02 /* PBXTargetDependency */ = {
			isa = PBXTargetDependency;
			target = AC9A465228D649460032DD02 /* JPMorganChaseTakeHomeAssessment */;
			targetProxy = AC9A466928D649470032DD02 /* PBXContainerItemProxy */;
		};
		AC9A467428D649470032DD02 /* PBXTargetDependency */ = {
			isa = PBXTargetDependency;
			target = AC9A465228D649460032DD02 /* JPMorganChaseTakeHomeAssessment */;
			targetProxy = AC9A467328D649470032DD02 /* PBXContainerItemProxy */;
		};
/* End PBXTargetDependency section */

/* Begin XCBuildConfiguration section */
		AC9A467A28D649470032DD02 /* Debug */ = {
			isa = XCBuildConfiguration;
			buildSettings = {
				ALWAYS_SEARCH_USER_PATHS = NO;
				CLANG_ANALYZER_NONNULL = YES;
				CLANG_ANALYZER_NUMBER_OBJECT_CONVERSION = YES_AGGRESSIVE;
				CLANG_CXX_LANGUAGE_STANDARD = "gnu++20";
				CLANG_ENABLE_MODULES = YES;
				CLANG_ENABLE_OBJC_ARC = YES;
				CLANG_ENABLE_OBJC_WEAK = YES;
				CLANG_WARN_BLOCK_CAPTURE_AUTORELEASING = YES;
				CLANG_WARN_BOOL_CONVERSION = YES;
				CLANG_WARN_COMMA = YES;
				CLANG_WARN_CONSTANT_CONVERSION = YES;
				CLANG_WARN_DEPRECATED_OBJC_IMPLEMENTATIONS = YES;
				CLANG_WARN_DIRECT_OBJC_ISA_USAGE = YES_ERROR;
				CLANG_WARN_DOCUMENTATION_COMMENTS = YES;
				CLANG_WARN_EMPTY_BODY = YES;
				CLANG_WARN_ENUM_CONVERSION = YES;
				CLANG_WARN_INFINITE_RECURSION = YES;
				CLANG_WARN_INT_CONVERSION = YES;
				CLANG_WARN_NON_LITERAL_NULL_CONVERSION = YES;
				CLANG_WARN_OBJC_IMPLICIT_RETAIN_SELF = YES;
				CLANG_WARN_OBJC_LITERAL_CONVERSION = YES;
				CLANG_WARN_OBJC_ROOT_CLASS = YES_ERROR;
				CLANG_WARN_QUOTED_INCLUDE_IN_FRAMEWORK_HEADER = YES;
				CLANG_WARN_RANGE_LOOP_ANALYSIS = YES;
				CLANG_WARN_STRICT_PROTOTYPES = YES;
				CLANG_WARN_SUSPICIOUS_MOVE = YES;
				CLANG_WARN_UNGUARDED_AVAILABILITY = YES_AGGRESSIVE;
				CLANG_WARN_UNREACHABLE_CODE = YES;
				CLANG_WARN__DUPLICATE_METHOD_MATCH = YES;
				COPY_PHASE_STRIP = NO;
				DEBUG_INFORMATION_FORMAT = dwarf;
				ENABLE_STRICT_OBJC_MSGSEND = YES;
				ENABLE_TESTABILITY = YES;
				GCC_C_LANGUAGE_STANDARD = gnu11;
				GCC_DYNAMIC_NO_PIC = NO;
				GCC_NO_COMMON_BLOCKS = YES;
				GCC_OPTIMIZATION_LEVEL = 0;
				GCC_PREPROCESSOR_DEFINITIONS = (
					"DEBUG=1",
					"$(inherited)",
				);
				GCC_WARN_64_TO_32_BIT_CONVERSION = YES;
				GCC_WARN_ABOUT_RETURN_TYPE = YES_ERROR;
				GCC_WARN_UNDECLARED_SELECTOR = YES;
				GCC_WARN_UNINITIALIZED_AUTOS = YES_AGGRESSIVE;
				GCC_WARN_UNUSED_FUNCTION = YES;
				GCC_WARN_UNUSED_VARIABLE = YES;
				IPHONEOS_DEPLOYMENT_TARGET = 16.0;
				MTL_ENABLE_DEBUG_INFO = INCLUDE_SOURCE;
				MTL_FAST_MATH = YES;
				ONLY_ACTIVE_ARCH = YES;
				SDKROOT = iphoneos;
				SWIFT_ACTIVE_COMPILATION_CONDITIONS = DEBUG;
				SWIFT_OPTIMIZATION_LEVEL = "-Onone";
			};
			name = Debug;
		};
		AC9A467B28D649470032DD02 /* Release */ = {
			isa = XCBuildConfiguration;
			buildSettings = {
				ALWAYS_SEARCH_USER_PATHS = NO;
				CLANG_ANALYZER_NONNULL = YES;
				CLANG_ANALYZER_NUMBER_OBJECT_CONVERSION = YES_AGGRESSIVE;
				CLANG_CXX_LANGUAGE_STANDARD = "gnu++20";
				CLANG_ENABLE_MODULES = YES;
				CLANG_ENABLE_OBJC_ARC = YES;
				CLANG_ENABLE_OBJC_WEAK = YES;
				CLANG_WARN_BLOCK_CAPTURE_AUTORELEASING = YES;
				CLANG_WARN_BOOL_CONVERSION = YES;
				CLANG_WARN_COMMA = YES;
				CLANG_WARN_CONSTANT_CONVERSION = YES;
				CLANG_WARN_DEPRECATED_OBJC_IMPLEMENTATIONS = YES;
				CLANG_WARN_DIRECT_OBJC_ISA_USAGE = YES_ERROR;
				CLANG_WARN_DOCUMENTATION_COMMENTS = YES;
				CLANG_WARN_EMPTY_BODY = YES;
				CLANG_WARN_ENUM_CONVERSION = YES;
				CLANG_WARN_INFINITE_RECURSION = YES;
				CLANG_WARN_INT_CONVERSION = YES;
				CLANG_WARN_NON_LITERAL_NULL_CONVERSION = YES;
				CLANG_WARN_OBJC_IMPLICIT_RETAIN_SELF = YES;
				CLANG_WARN_OBJC_LITERAL_CONVERSION = YES;
				CLANG_WARN_OBJC_ROOT_CLASS = YES_ERROR;
				CLANG_WARN_QUOTED_INCLUDE_IN_FRAMEWORK_HEADER = YES;
				CLANG_WARN_RANGE_LOOP_ANALYSIS = YES;
				CLANG_WARN_STRICT_PROTOTYPES = YES;
				CLANG_WARN_SUSPICIOUS_MOVE = YES;
				CLANG_WARN_UNGUARDED_AVAILABILITY = YES_AGGRESSIVE;
				CLANG_WARN_UNREACHABLE_CODE = YES;
				CLANG_WARN__DUPLICATE_METHOD_MATCH = YES;
				COPY_PHASE_STRIP = NO;
				DEBUG_INFORMATION_FORMAT = "dwarf-with-dsym";
				ENABLE_NS_ASSERTIONS = NO;
				ENABLE_STRICT_OBJC_MSGSEND = YES;
				GCC_C_LANGUAGE_STANDARD = gnu11;
				GCC_NO_COMMON_BLOCKS = YES;
				GCC_WARN_64_TO_32_BIT_CONVERSION = YES;
				GCC_WARN_ABOUT_RETURN_TYPE = YES_ERROR;
				GCC_WARN_UNDECLARED_SELECTOR = YES;
				GCC_WARN_UNINITIALIZED_AUTOS = YES_AGGRESSIVE;
				GCC_WARN_UNUSED_FUNCTION = YES;
				GCC_WARN_UNUSED_VARIABLE = YES;
				IPHONEOS_DEPLOYMENT_TARGET = 16.0;
				MTL_ENABLE_DEBUG_INFO = NO;
				MTL_FAST_MATH = YES;
				SDKROOT = iphoneos;
				SWIFT_COMPILATION_MODE = wholemodule;
				SWIFT_OPTIMIZATION_LEVEL = "-O";
				VALIDATE_PRODUCT = YES;
			};
			name = Release;
		};
		AC9A467D28D649470032DD02 /* Debug */ = {
			isa = XCBuildConfiguration;
			buildSettings = {
				ASSETCATALOG_COMPILER_APPICON_NAME = AppIcon;
				ASSETCATALOG_COMPILER_GLOBAL_ACCENT_COLOR_NAME = AccentColor;
				CODE_SIGN_STYLE = Automatic;
				CURRENT_PROJECT_VERSION = 1;
				DEVELOPMENT_ASSET_PATHS = "\"JPMorganChaseTakeHomeAssessment/Preview Content\"";
				DEVELOPMENT_TEAM = 486TSQPHB9;
				ENABLE_PREVIEWS = YES;
				GENERATE_INFOPLIST_FILE = YES;
				INFOPLIST_KEY_UIApplicationSceneManifest_Generation = YES;
				INFOPLIST_KEY_UIApplicationSupportsIndirectInputEvents = YES;
				INFOPLIST_KEY_UILaunchScreen_Generation = YES;
				INFOPLIST_KEY_UISupportedInterfaceOrientations_iPad = "UIInterfaceOrientationPortrait UIInterfaceOrientationPortraitUpsideDown UIInterfaceOrientationLandscapeLeft UIInterfaceOrientationLandscapeRight";
				INFOPLIST_KEY_UISupportedInterfaceOrientations_iPhone = "UIInterfaceOrientationPortrait UIInterfaceOrientationLandscapeLeft UIInterfaceOrientationLandscapeRight";
				LD_RUNPATH_SEARCH_PATHS = (
					"$(inherited)",
					"@executable_path/Frameworks",
				);
				MARKETING_VERSION = 1.0;
				PRODUCT_BUNDLE_IDENTIFIER = com.yazanhalawa.JPMorganChaseTakeHomeAssessment;
				PRODUCT_NAME = "$(TARGET_NAME)";
				SWIFT_EMIT_LOC_STRINGS = YES;
				SWIFT_VERSION = 5.0;
				TARGETED_DEVICE_FAMILY = "1,2";
			};
			name = Debug;
		};
		AC9A467E28D649470032DD02 /* Release */ = {
			isa = XCBuildConfiguration;
			buildSettings = {
				ASSETCATALOG_COMPILER_APPICON_NAME = AppIcon;
				ASSETCATALOG_COMPILER_GLOBAL_ACCENT_COLOR_NAME = AccentColor;
				CODE_SIGN_STYLE = Automatic;
				CURRENT_PROJECT_VERSION = 1;
				DEVELOPMENT_ASSET_PATHS = "\"JPMorganChaseTakeHomeAssessment/Preview Content\"";
				DEVELOPMENT_TEAM = 486TSQPHB9;
				ENABLE_PREVIEWS = YES;
				GENERATE_INFOPLIST_FILE = YES;
				INFOPLIST_KEY_UIApplicationSceneManifest_Generation = YES;
				INFOPLIST_KEY_UIApplicationSupportsIndirectInputEvents = YES;
				INFOPLIST_KEY_UILaunchScreen_Generation = YES;
				INFOPLIST_KEY_UISupportedInterfaceOrientations_iPad = "UIInterfaceOrientationPortrait UIInterfaceOrientationPortraitUpsideDown UIInterfaceOrientationLandscapeLeft UIInterfaceOrientationLandscapeRight";
				INFOPLIST_KEY_UISupportedInterfaceOrientations_iPhone = "UIInterfaceOrientationPortrait UIInterfaceOrientationLandscapeLeft UIInterfaceOrientationLandscapeRight";
				LD_RUNPATH_SEARCH_PATHS = (
					"$(inherited)",
					"@executable_path/Frameworks",
				);
				MARKETING_VERSION = 1.0;
				PRODUCT_BUNDLE_IDENTIFIER = com.yazanhalawa.JPMorganChaseTakeHomeAssessment;
				PRODUCT_NAME = "$(TARGET_NAME)";
				SWIFT_EMIT_LOC_STRINGS = YES;
				SWIFT_VERSION = 5.0;
				TARGETED_DEVICE_FAMILY = "1,2";
			};
			name = Release;
		};
		AC9A468028D649470032DD02 /* Debug */ = {
			isa = XCBuildConfiguration;
			buildSettings = {
				ALWAYS_EMBED_SWIFT_STANDARD_LIBRARIES = YES;
				BUNDLE_LOADER = "$(TEST_HOST)";
				CODE_SIGN_STYLE = Automatic;
				CURRENT_PROJECT_VERSION = 1;
				DEVELOPMENT_TEAM = 486TSQPHB9;
				GENERATE_INFOPLIST_FILE = YES;
				IPHONEOS_DEPLOYMENT_TARGET = 16.0;
				MARKETING_VERSION = 1.0;
				PRODUCT_BUNDLE_IDENTIFIER = com.yazanhalawa.JPMorganChaseTakeHomeAssessmentTests;
				PRODUCT_NAME = "$(TARGET_NAME)";
				SWIFT_EMIT_LOC_STRINGS = NO;
				SWIFT_VERSION = 5.0;
				TARGETED_DEVICE_FAMILY = "1,2";
				TEST_HOST = "$(BUILT_PRODUCTS_DIR)/JPMorganChaseTakeHomeAssessment.app/$(BUNDLE_EXECUTABLE_FOLDER_PATH)/JPMorganChaseTakeHomeAssessment";
			};
			name = Debug;
		};
		AC9A468128D649470032DD02 /* Release */ = {
			isa = XCBuildConfiguration;
			buildSettings = {
				ALWAYS_EMBED_SWIFT_STANDARD_LIBRARIES = YES;
				BUNDLE_LOADER = "$(TEST_HOST)";
				CODE_SIGN_STYLE = Automatic;
				CURRENT_PROJECT_VERSION = 1;
				DEVELOPMENT_TEAM = 486TSQPHB9;
				GENERATE_INFOPLIST_FILE = YES;
				IPHONEOS_DEPLOYMENT_TARGET = 16.0;
				MARKETING_VERSION = 1.0;
				PRODUCT_BUNDLE_IDENTIFIER = com.yazanhalawa.JPMorganChaseTakeHomeAssessmentTests;
				PRODUCT_NAME = "$(TARGET_NAME)";
				SWIFT_EMIT_LOC_STRINGS = NO;
				SWIFT_VERSION = 5.0;
				TARGETED_DEVICE_FAMILY = "1,2";
				TEST_HOST = "$(BUILT_PRODUCTS_DIR)/JPMorganChaseTakeHomeAssessment.app/$(BUNDLE_EXECUTABLE_FOLDER_PATH)/JPMorganChaseTakeHomeAssessment";
			};
			name = Release;
		};
		AC9A468328D649470032DD02 /* Debug */ = {
			isa = XCBuildConfiguration;
			buildSettings = {
				ALWAYS_EMBED_SWIFT_STANDARD_LIBRARIES = YES;
				CODE_SIGN_STYLE = Automatic;
				CURRENT_PROJECT_VERSION = 1;
				DEVELOPMENT_TEAM = 486TSQPHB9;
				GENERATE_INFOPLIST_FILE = YES;
				MARKETING_VERSION = 1.0;
				PRODUCT_BUNDLE_IDENTIFIER = com.yazanhalawa.JPMorganChaseTakeHomeAssessmentUITests;
				PRODUCT_NAME = "$(TARGET_NAME)";
				SWIFT_EMIT_LOC_STRINGS = NO;
				SWIFT_VERSION = 5.0;
				TARGETED_DEVICE_FAMILY = "1,2";
				TEST_TARGET_NAME = JPMorganChaseTakeHomeAssessment;
			};
			name = Debug;
		};
		AC9A468428D649470032DD02 /* Release */ = {
			isa = XCBuildConfiguration;
			buildSettings = {
				ALWAYS_EMBED_SWIFT_STANDARD_LIBRARIES = YES;
				CODE_SIGN_STYLE = Automatic;
				CURRENT_PROJECT_VERSION = 1;
				DEVELOPMENT_TEAM = 486TSQPHB9;
				GENERATE_INFOPLIST_FILE = YES;
				MARKETING_VERSION = 1.0;
				PRODUCT_BUNDLE_IDENTIFIER = com.yazanhalawa.JPMorganChaseTakeHomeAssessmentUITests;
				PRODUCT_NAME = "$(TARGET_NAME)";
				SWIFT_EMIT_LOC_STRINGS = NO;
				SWIFT_VERSION = 5.0;
				TARGETED_DEVICE_FAMILY = "1,2";
				TEST_TARGET_NAME = JPMorganChaseTakeHomeAssessment;
			};
			name = Release;
		};
/* End XCBuildConfiguration section */

/* Begin XCConfigurationList section */
		AC9A464E28D649460032DD02 /* Build configuration list for PBXProject "JPMorganChaseTakeHomeAssessment" */ = {
			isa = XCConfigurationList;
			buildConfigurations = (
				AC9A467A28D649470032DD02 /* Debug */,
				AC9A467B28D649470032DD02 /* Release */,
			);
			defaultConfigurationIsVisible = 0;
			defaultConfigurationName = Release;
		};
		AC9A467C28D649470032DD02 /* Build configuration list for PBXNativeTarget "JPMorganChaseTakeHomeAssessment" */ = {
			isa = XCConfigurationList;
			buildConfigurations = (
				AC9A467D28D649470032DD02 /* Debug */,
				AC9A467E28D649470032DD02 /* Release */,
			);
			defaultConfigurationIsVisible = 0;
			defaultConfigurationName = Release;
		};
		AC9A467F28D649470032DD02 /* Build configuration list for PBXNativeTarget "JPMorganChaseTakeHomeAssessmentTests" */ = {
			isa = XCConfigurationList;
			buildConfigurations = (
				AC9A468028D649470032DD02 /* Debug */,
				AC9A468128D649470032DD02 /* Release */,
			);
			defaultConfigurationIsVisible = 0;
			defaultConfigurationName = Release;
		};
		AC9A468228D649470032DD02 /* Build configuration list for PBXNativeTarget "JPMorganChaseTakeHomeAssessmentUITests" */ = {
			isa = XCConfigurationList;
			buildConfigurations = (
				AC9A468328D649470032DD02 /* Debug */,
				AC9A468428D649470032DD02 /* Release */,
			);
			defaultConfigurationIsVisible = 0;
			defaultConfigurationName = Release;
		};
/* End XCConfigurationList section */

/* Begin XCVersionGroup section */
		AC9A466128D649470032DD02 /* JPMorganChaseTakeHomeAssessment.xcdatamodeld */ = {
			isa = XCVersionGroup;
			children = (
				AC9A466228D649470032DD02 /* JPMorganChaseTakeHomeAssessment.xcdatamodel */,
			);
			currentVersion = AC9A466228D649470032DD02 /* JPMorganChaseTakeHomeAssessment.xcdatamodel */;
			path = JPMorganChaseTakeHomeAssessment.xcdatamodeld;
			sourceTree = "<group>";
			versionGroupType = wrapper.xcdatamodel;
		};
/* End XCVersionGroup section */
	};
	rootObject = AC9A464B28D649460032DD02 /* Project object */;
}
